
Microsoft Visual Studio Solution File, Format Version 12.00
# Visual Studio 14
VisualStudioVersion = 14.0.25123.0
MinimumVisualStudioVersion = 10.0.40219.1
Project("{FAE04EC0-301F-11D3-BF4B-00C04F79EFBC}") = "COMP2007-S2016-LESSON1-Part2A", "COMP2007-S2016-LESSON1-Part2A\COMP2007-S2016-LESSON1-Part2A.csproj", "{AEC63182-BB7B-4522-B4D5-A357D98FE385}"
EndProject
Global
	GlobalSection(SolutionConfigurationPlatforms) = preSolution
		Debug|Any CPU = Debug|Any CPU
		Release|Any CPU = Release|Any CPU
	EndGlobalSection
	GlobalSection(ProjectConfigurationPlatforms) = postSolution
		{AEC63182-BB7B-4522-B4D5-A357D98FE385}.Debug|Any CPU.ActiveCfg = Debug|Any CPU
		{AEC63182-BB7B-4522-B4D5-A357D98FE385}.Debug|Any CPU.Build.0 = Debug|Any CPU
		{AEC63182-BB7B-4522-B4D5-A357D98FE385}.Release|Any CPU.ActiveCfg = Release|Any CPU
		{AEC63182-BB7B-4522-B4D5-A357D98FE385}.Release|Any CPU.Build.0 = Release|Any CPU
	EndGlobalSection
	GlobalSection(SolutionProperties) = preSolution
		HideSolutionNode = FALSE
	EndGlobalSection
EndGlobal
